// !$*UTF8*$!
{
	archiveVersion = 1;
	classes = {
	};
	objectVersion = 46;
	objects = {

/* Begin PBXBuildFile section */
		54B6E7D21DA95C1B00871248 /* AppDelegate.swift in Sources */ = {isa = PBXBuildFile; fileRef = 54B6E7D11DA95C1B00871248 /* AppDelegate.swift */; };
		54B6E7D41DA95C1B00871248 /* ViewController.swift in Sources */ = {isa = PBXBuildFile; fileRef = 54B6E7D31DA95C1B00871248 /* ViewController.swift */; };
		54B6E7D71DA95C1B00871248 /* Main.storyboard in Resources */ = {isa = PBXBuildFile; fileRef = 54B6E7D51DA95C1B00871248 /* Main.storyboard */; };
		54B6E7D91DA95C1B00871248 /* Assets.xcassets in Resources */ = {isa = PBXBuildFile; fileRef = 54B6E7D81DA95C1B00871248 /* Assets.xcassets */; };
		54B6E7DC1DA95C1B00871248 /* LaunchScreen.storyboard in Resources */ = {isa = PBXBuildFile; fileRef = 54B6E7DA1DA95C1B00871248 /* LaunchScreen.storyboard */; };
		54DD2A731DAA5978008097B7 /* PersonCell.swift in Sources */ = {isa = PBXBuildFile; fileRef = 54DD2A721DAA5978008097B7 /* PersonCell.swift */; };
		54DD2A781DAAB5E5008097B7 /* Person.swift in Sources */ = {isa = PBXBuildFile; fileRef = 54DD2A771DAAB5E5008097B7 /* Person.swift */; };
		54DD2A7A1DAAB738008097B7 /* FaceService.swift in Sources */ = {isa = PBXBuildFile; fileRef = 54DD2A791DAAB738008097B7 /* FaceService.swift */; };
		CBF28F2F850AB015444446B8 /* Pods_missing_persons.framework in Frameworks */ = {isa = PBXBuildFile; fileRef = EDCD171F5A6254D61A5C9059 /* Pods_missing_persons.framework */; };
/* End PBXBuildFile section */

/* Begin PBXFileReference section */
		3619D2D08F7C2187AEE897CA /* Pods-missing-persons.release.xcconfig */ = {isa = PBXFileReference; includeInIndex = 1; lastKnownFileType = text.xcconfig; name = "Pods-missing-persons.release.xcconfig"; path = "Pods/Target Support Files/Pods-missing-persons/Pods-missing-persons.release.xcconfig"; sourceTree = "<group>"; };
		54B6E7CE1DA95C1B00871248 /* missing-persons.app */ = {isa = PBXFileReference; explicitFileType = wrapper.application; includeInIndex = 0; path = "missing-persons.app"; sourceTree = BUILT_PRODUCTS_DIR; };
		54B6E7D11DA95C1B00871248 /* AppDelegate.swift */ = {isa = PBXFileReference; lastKnownFileType = sourcecode.swift; path = AppDelegate.swift; sourceTree = "<group>"; };
		54B6E7D31DA95C1B00871248 /* ViewController.swift */ = {isa = PBXFileReference; lastKnownFileType = sourcecode.swift; path = ViewController.swift; sourceTree = "<group>"; };
		54B6E7D61DA95C1B00871248 /* Base */ = {isa = PBXFileReference; lastKnownFileType = file.storyboard; name = Base; path = Base.lproj/Main.storyboard; sourceTree = "<group>"; };
		54B6E7D81DA95C1B00871248 /* Assets.xcassets */ = {isa = PBXFileReference; lastKnownFileType = folder.assetcatalog; path = Assets.xcassets; sourceTree = "<group>"; };
		54B6E7DB1DA95C1B00871248 /* Base */ = {isa = PBXFileReference; lastKnownFileType = file.storyboard; name = Base; path = Base.lproj/LaunchScreen.storyboard; sourceTree = "<group>"; };
		54B6E7DD1DA95C1B00871248 /* Info.plist */ = {isa = PBXFileReference; lastKnownFileType = text.plist.xml; path = Info.plist; sourceTree = "<group>"; };
		54DD2A721DAA5978008097B7 /* PersonCell.swift */ = {isa = PBXFileReference; fileEncoding = 4; lastKnownFileType = sourcecode.swift; path = PersonCell.swift; sourceTree = "<group>"; };
		54DD2A741DAA99CD008097B7 /* missing-persons-Bridging-Header.h */ = {isa = PBXFileReference; lastKnownFileType = sourcecode.c.h; path = "missing-persons-Bridging-Header.h"; sourceTree = "<group>"; };
		54DD2A771DAAB5E5008097B7 /* Person.swift */ = {isa = PBXFileReference; fileEncoding = 4; lastKnownFileType = sourcecode.swift; path = Person.swift; sourceTree = "<group>"; };
		54DD2A791DAAB738008097B7 /* FaceService.swift */ = {isa = PBXFileReference; fileEncoding = 4; lastKnownFileType = sourcecode.swift; path = FaceService.swift; sourceTree = "<group>"; };
		5D073E9983B37673C61B89DB /* Pods-missing-persons.debug.xcconfig */ = {isa = PBXFileReference; includeInIndex = 1; lastKnownFileType = text.xcconfig; name = "Pods-missing-persons.debug.xcconfig"; path = "Pods/Target Support Files/Pods-missing-persons/Pods-missing-persons.debug.xcconfig"; sourceTree = "<group>"; };
		EDCD171F5A6254D61A5C9059 /* Pods_missing_persons.framework */ = {isa = PBXFileReference; explicitFileType = wrapper.framework; includeInIndex = 0; path = Pods_missing_persons.framework; sourceTree = BUILT_PRODUCTS_DIR; };
/* End PBXFileReference section */

/* Begin PBXFrameworksBuildPhase section */
		54B6E7CB1DA95C1A00871248 /* Frameworks */ = {
			isa = PBXFrameworksBuildPhase;
			buildActionMask = 2147483647;
			files = (
				CBF28F2F850AB015444446B8 /* Pods_missing_persons.framework in Frameworks */,
			);
			runOnlyForDeploymentPostprocessing = 0;
		};
/* End PBXFrameworksBuildPhase section */

/* Begin PBXGroup section */
		54B6E7C51DA95C1A00871248 = {
			isa = PBXGroup;
			children = (
				54B6E7D01DA95C1B00871248 /* missing-persons */,
				54B6E7CF1DA95C1B00871248 /* Products */,
				6188D2797822FE8E946A8B3C /* Pods */,
				A889AF1BA3C0A58F5A2D3AA3 /* Frameworks */,
			);
			sourceTree = "<group>";
		};
		54B6E7CF1DA95C1B00871248 /* Products */ = {
			isa = PBXGroup;
			children = (
				54B6E7CE1DA95C1B00871248 /* missing-persons.app */,
			);
			name = Products;
			sourceTree = "<group>";
		};
		54B6E7D01DA95C1B00871248 /* missing-persons */ = {
			isa = PBXGroup;
			children = (
				54B6E7D11DA95C1B00871248 /* AppDelegate.swift */,
				54B6E7D31DA95C1B00871248 /* ViewController.swift */,
				54DD2A721DAA5978008097B7 /* PersonCell.swift */,
				54B6E7D51DA95C1B00871248 /* Main.storyboard */,
				54B6E7D81DA95C1B00871248 /* Assets.xcassets */,
				54B6E7DA1DA95C1B00871248 /* LaunchScreen.storyboard */,
				54B6E7DD1DA95C1B00871248 /* Info.plist */,
				54DD2A741DAA99CD008097B7 /* missing-persons-Bridging-Header.h */,
				54DD2A771DAAB5E5008097B7 /* Person.swift */,
				54DD2A791DAAB738008097B7 /* FaceService.swift */,
			);
			path = "missing-persons";
			sourceTree = "<group>";
		};
		6188D2797822FE8E946A8B3C /* Pods */ = {
			isa = PBXGroup;
			children = (
				5D073E9983B37673C61B89DB /* Pods-missing-persons.debug.xcconfig */,
				3619D2D08F7C2187AEE897CA /* Pods-missing-persons.release.xcconfig */,
			);
			name = Pods;
			sourceTree = "<group>";
		};
		A889AF1BA3C0A58F5A2D3AA3 /* Frameworks */ = {
			isa = PBXGroup;
			children = (
				EDCD171F5A6254D61A5C9059 /* Pods_missing_persons.framework */,
			);
			name = Frameworks;
			sourceTree = "<group>";
		};
/* End PBXGroup section */

/* Begin PBXNativeTarget section */
		54B6E7CD1DA95C1A00871248 /* missing-persons */ = {
			isa = PBXNativeTarget;
			buildConfigurationList = 54B6E7E01DA95C1B00871248 /* Build configuration list for PBXNativeTarget "missing-persons" */;
			buildPhases = (
				8CADFFDDD29E912D40ED2948 /* [CP] Check Pods Manifest.lock */,
				54B6E7CA1DA95C1A00871248 /* Sources */,
				54B6E7CB1DA95C1A00871248 /* Frameworks */,
				54B6E7CC1DA95C1A00871248 /* Resources */,
				3501B416BB3F9A9919BB0D54 /* [CP] Embed Pods Frameworks */,
				2A5AA63D7A441D84A880F10F /* [CP] Copy Pods Resources */,
			);
			buildRules = (
			);
			dependencies = (
			);
			name = "missing-persons";
			productName = "missing-persons";
			productReference = 54B6E7CE1DA95C1B00871248 /* missing-persons.app */;
			productType = "com.apple.product-type.application";
		};
/* End PBXNativeTarget section */

/* Begin PBXProject section */
		54B6E7C61DA95C1A00871248 /* Project object */ = {
			isa = PBXProject;
			attributes = {
				LastSwiftUpdateCheck = 0800;
				LastUpgradeCheck = 0800;
				ORGANIZATIONNAME = "Hashim Ikram";
				TargetAttributes = {
					54B6E7CD1DA95C1A00871248 = {
						CreatedOnToolsVersion = 8.0;
						DevelopmentTeam = 2553ZXAMLS;
						LastSwiftMigration = 0800;
						ProvisioningStyle = Automatic;
					};
				};
			};
			buildConfigurationList = 54B6E7C91DA95C1A00871248 /* Build configuration list for PBXProject "missing-persons" */;
			compatibilityVersion = "Xcode 3.2";
			developmentRegion = English;
			hasScannedForEncodings = 0;
			knownRegions = (
				en,
				Base,
			);
			mainGroup = 54B6E7C51DA95C1A00871248;
			productRefGroup = 54B6E7CF1DA95C1B00871248 /* Products */;
			projectDirPath = "";
			projectRoot = "";
			targets = (
				54B6E7CD1DA95C1A00871248 /* missing-persons */,
			);
		};
/* End PBXProject section */

/* Begin PBXResourcesBuildPhase section */
		54B6E7CC1DA95C1A00871248 /* Resources */ = {
			isa = PBXResourcesBuildPhase;
			buildActionMask = 2147483647;
			files = (
				54B6E7DC1DA95C1B00871248 /* LaunchScreen.storyboard in Resources */,
				54B6E7D91DA95C1B00871248 /* Assets.xcassets in Resources */,
				54B6E7D71DA95C1B00871248 /* Main.storyboard in Resources */,
			);
			runOnlyForDeploymentPostprocessing = 0;
		};
/* End PBXResourcesBuildPhase section */

/* Begin PBXShellScriptBuildPhase section */
		2A5AA63D7A441D84A880F10F /* [CP] Copy Pods Resources */ = {
			isa = PBXShellScriptBuildPhase;
			buildActionMask = 2147483647;
			files = (
			);
			inputPaths = (
			);
			name = "[CP] Copy Pods Resources";
			outputPaths = (
			);
			runOnlyForDeploymentPostprocessing = 0;
			shellPath = /bin/sh;
			shellScript = "\"${SRCROOT}/Pods/Target Support Files/Pods-missing-persons/Pods-missing-persons-resources.sh\"\n";
			showEnvVarsInLog = 0;
		};
		3501B416BB3F9A9919BB0D54 /* [CP] Embed Pods Frameworks */ = {
			isa = PBXShellScriptBuildPhase;
			buildActionMask = 2147483647;
			files = (
			);
			inputPaths = (
			);
			name = "[CP] Embed Pods Frameworks";
			outputPaths = (
			);
			runOnlyForDeploymentPostprocessing = 0;
			shellPath = /bin/sh;
			shellScript = "\"${SRCROOT}/Pods/Target Support Files/Pods-missing-persons/Pods-missing-persons-frameworks.sh\"\n";
			showEnvVarsInLog = 0;
		};
		8CADFFDDD29E912D40ED2948 /* [CP] Check Pods Manifest.lock */ = {
			isa = PBXShellScriptBuildPhase;
			buildActionMask = 2147483647;
			files = (
			);
			inputPaths = (
			);
			name = "[CP] Check Pods Manifest.lock";
			outputPaths = (
			);
			runOnlyForDeploymentPostprocessing = 0;
			shellPath = /bin/sh;
			shellScript = "diff \"${PODS_ROOT}/../Podfile.lock\" \"${PODS_ROOT}/Manifest.lock\" > /dev/null\nif [ $? != 0 ] ; then\n    # print error to STDERR\n    echo \"error: The sandbox is not in sync with the Podfile.lock. Run 'pod install' or update your CocoaPods installation.\" >&2\n    exit 1\nfi\n";
			showEnvVarsInLog = 0;
		};
/* End PBXShellScriptBuildPhase section */

/* Begin PBXSourcesBuildPhase section */
		54B6E7CA1DA95C1A00871248 /* Sources */ = {
			isa = PBXSourcesBuildPhase;
			buildActionMask = 2147483647;
			files = (
				54DD2A7A1DAAB738008097B7 /* FaceService.swift in Sources */,
				54DD2A731DAA5978008097B7 /* PersonCell.swift in Sources */,
				54B6E7D41DA95C1B00871248 /* ViewController.swift in Sources */,
				54DD2A781DAAB5E5008097B7 /* Person.swift in Sources */,
				54B6E7D21DA95C1B00871248 /* AppDelegate.swift in Sources */,
			);
			runOnlyForDeploymentPostprocessing = 0;
		};
/* End PBXSourcesBuildPhase section */

/* Begin PBXVariantGroup section */
		54B6E7D51DA95C1B00871248 /* Main.storyboard */ = {
			isa = PBXVariantGroup;
			children = (
				54B6E7D61DA95C1B00871248 /* Base */,
			);
			name = Main.storyboard;
			sourceTree = "<group>";
		};
		54B6E7DA1DA95C1B00871248 /* LaunchScreen.storyboard */ = {
			isa = PBXVariantGroup;
			children = (
				54B6E7DB1DA95C1B00871248 /* Base */,
			);
			name = LaunchScreen.storyboard;
			sourceTree = "<group>";
		};
/* End PBXVariantGroup section */

/* Begin XCBuildConfiguration section */
		54B6E7DE1DA95C1B00871248 /* Debug */ = {
			isa = XCBuildConfiguration;
			buildSettings = {
				ALWAYS_SEARCH_USER_PATHS = NO;
				CLANG_ANALYZER_NONNULL = YES;
				CLANG_CXX_LANGUAGE_STANDARD = "gnu++0x";
				CLANG_CXX_LIBRARY = "libc++";
				CLANG_ENABLE_MODULES = YES;
				CLANG_ENABLE_OBJC_ARC = YES;
				CLANG_WARN_BOOL_CONVERSION = YES;
				CLANG_WARN_CONSTANT_CONVERSION = YES;
				CLANG_WARN_DIRECT_OBJC_ISA_USAGE = YES_ERROR;
				CLANG_WARN_DOCUMENTATION_COMMENTS = YES;
				CLANG_WARN_EMPTY_BODY = YES;
				CLANG_WARN_ENUM_CONVERSION = YES;
				CLANG_WARN_INFINITE_RECURSION = YES;
				CLANG_WARN_INT_CONVERSION = YES;
				CLANG_WARN_OBJC_ROOT_CLASS = YES_ERROR;
				CLANG_WARN_SUSPICIOUS_MOVES = YES;
				CLANG_WARN_UNREACHABLE_CODE = YES;
				CLANG_WARN__DUPLICATE_METHOD_MATCH = YES;
				"CODE_SIGN_IDENTITY[sdk=iphoneos*]" = "iPhone Developer";
				COPY_PHASE_STRIP = NO;
				DEBUG_INFORMATION_FORMAT = dwarf;
				ENABLE_STRICT_OBJC_MSGSEND = YES;
				ENABLE_TESTABILITY = YES;
				GCC_C_LANGUAGE_STANDARD = gnu99;
				GCC_DYNAMIC_NO_PIC = NO;
				GCC_NO_COMMON_BLOCKS = YES;
				GCC_OPTIMIZATION_LEVEL = 0;
				GCC_PREPROCESSOR_DEFINITIONS = (
					"DEBUG=1",
					"$(inherited)",
				);
				GCC_WARN_64_TO_32_BIT_CONVERSION = YES;
				GCC_WARN_ABOUT_RETURN_TYPE = YES_ERROR;
				GCC_WARN_UNDECLARED_SELECTOR = YES;
				GCC_WARN_UNINITIALIZED_AUTOS = YES_AGGRESSIVE;
				GCC_WARN_UNUSED_FUNCTION = YES;
				GCC_WARN_UNUSED_VARIABLE = YES;
				IPHONEOS_DEPLOYMENT_TARGET = 10.0;
				MTL_ENABLE_DEBUG_INFO = YES;
				ONLY_ACTIVE_ARCH = YES;
				SDKROOT = iphoneos;
				SWIFT_ACTIVE_COMPILATION_CONDITIONS = DEBUG;
				SWIFT_OPTIMIZATION_LEVEL = "-Onone";
				TARGETED_DEVICE_FAMILY = "1,2";
			};
			name = Debug;
		};
		54B6E7DF1DA95C1B00871248 /* Release */ = {
			isa = XCBuildConfiguration;
			buildSettings = {
				ALWAYS_SEARCH_USER_PATHS = NO;
				CLANG_ANALYZER_NONNULL = YES;
				CLANG_CXX_LANGUAGE_STANDARD = "gnu++0x";
				CLANG_CXX_LIBRARY = "libc++";
				CLANG_ENABLE_MODULES = YES;
				CLANG_ENABLE_OBJC_ARC = YES;
				CLANG_WARN_BOOL_CONVERSION = YES;
				CLANG_WARN_CONSTANT_CONVERSION = YES;
				CLANG_WARN_DIRECT_OBJC_ISA_USAGE = YES_ERROR;
				CLANG_WARN_DOCUMENTATION_COMMENTS = YES;
				CLANG_WARN_EMPTY_BODY = YES;
				CLANG_WARN_ENUM_CONVERSION = YES;
				CLANG_WARN_INFINITE_RECURSION = YES;
				CLANG_WARN_INT_CONVERSION = YES;
				CLANG_WARN_OBJC_ROOT_CLASS = YES_ERROR;
				CLANG_WARN_SUSPICIOUS_MOVES = YES;
				CLANG_WARN_UNREACHABLE_CODE = YES;
				CLANG_WARN__DUPLICATE_METHOD_MATCH = YES;
				"CODE_SIGN_IDENTITY[sdk=iphoneos*]" = "iPhone Developer";
				COPY_PHASE_STRIP = NO;
				DEBUG_INFORMATION_FORMAT = "dwarf-with-dsym";
				ENABLE_NS_ASSERTIONS = NO;
				ENABLE_STRICT_OBJC_MSGSEND = YES;
				GCC_C_LANGUAGE_STANDARD = gnu99;
				GCC_NO_COMMON_BLOCKS = YES;
				GCC_WARN_64_TO_32_BIT_CONVERSION = YES;
				GCC_WARN_ABOUT_RETURN_TYPE = YES_ERROR;
				GCC_WARN_UNDECLARED_SELECTOR = YES;
				GCC_WARN_UNINITIALIZED_AUTOS = YES_AGGRESSIVE;
				GCC_WARN_UNUSED_FUNCTION = YES;
				GCC_WARN_UNUSED_VARIABLE = YES;
				IPHONEOS_DEPLOYMENT_TARGET = 10.0;
				MTL_ENABLE_DEBUG_INFO = NO;
				SDKROOT = iphoneos;
				SWIFT_OPTIMIZATION_LEVEL = "-Owholemodule";
				TARGETED_DEVICE_FAMILY = "1,2";
				VALIDATE_PRODUCT = YES;
			};
			name = Release;
		};
		54B6E7E11DA95C1B00871248 /* Debug */ = {
			isa = XCBuildConfiguration;
			baseConfigurationReference = 5D073E9983B37673C61B89DB /* Pods-missing-persons.debug.xcconfig */;
			buildSettings = {
				ASSETCATALOG_COMPILER_APPICON_NAME = AppIcon;
				CLANG_ENABLE_MODULES = YES;
				DEVELOPMENT_TEAM = 2553ZXAMLS;
				INFOPLIST_FILE = "missing-persons/Info.plist";
				LD_RUNPATH_SEARCH_PATHS = "$(inherited) @executable_path/Frameworks";
				PRODUCT_BUNDLE_IDENTIFIER = "com.hashimikram.missing-persons";
				PRODUCT_NAME = "$(TARGET_NAME)";
				SWIFT_OBJC_BRIDGING_HEADER = "missing-persons/missing-persons-Bridging-Header.h";
				SWIFT_OPTIMIZATION_LEVEL = "-Onone";
				SWIFT_VERSION = 3.0;
			};
			name = Debug;
		};
		54B6E7E21DA95C1B00871248 /* Release */ = {
			isa = XCBuildConfiguration;
			baseConfigurationReference = 3619D2D08F7C2187AEE897CA /* Pods-missing-persons.release.xcconfig */;
			buildSettings = {
				ASSETCATALOG_COMPILER_APPICON_NAME = AppIcon;
				CLANG_ENABLE_MODULES = YES;
				DEVELOPMENT_TEAM = 2553ZXAMLS;
				INFOPLIST_FILE = "missing-persons/Info.plist";
				LD_RUNPATH_SEARCH_PATHS = "$(inherited) @executable_path/Frameworks";
				PRODUCT_BUNDLE_IDENTIFIER = "com.hashimikram.missing-persons";
				PRODUCT_NAME = "$(TARGET_NAME)";
				SWIFT_OBJC_BRIDGING_HEADER = "missing-persons/missing-persons-Bridging-Header.h";
				SWIFT_VERSION = 3.0;
			};
			name = Release;
		};
/* End XCBuildConfiguration section */

/* Begin XCConfigurationList section */
		54B6E7C91DA95C1A00871248 /* Build configuration list for PBXProject "missing-persons" */ = {
			isa = XCConfigurationList;
			buildConfigurations = (
				54B6E7DE1DA95C1B00871248 /* Debug */,
				54B6E7DF1DA95C1B00871248 /* Release */,
			);
			defaultConfigurationIsVisible = 0;
			defaultConfigurationName = Release;
		};
		54B6E7E01DA95C1B00871248 /* Build configuration list for PBXNativeTarget "missing-persons" */ = {
			isa = XCConfigurationList;
			buildConfigurations = (
				54B6E7E11DA95C1B00871248 /* Debug */,
				54B6E7E21DA95C1B00871248 /* Release */,
			);
			defaultConfigurationIsVisible = 0;
			defaultConfigurationName = Release;
		};
/* End XCConfigurationList section */
	};
	rootObject = 54B6E7C61DA95C1A00871248 /* Project object */;
}
